{
  "name": "ci-sandbox",
  "version": "0.1.0",
  "lockfileVersion": 2,
  "requires": true,
  "packages": {
    "": {
      "name": "ci-sandbox",
      "version": "0.1.0",
      "license": "ISC",
      "dependencies": {
        "terminal-text-effect": "^1.0.4"
      },
      "devDependencies": {
        "typescript": "^4.6.4"
      }
    },
    "node_modules/terminal-text-effect": {
      "version": "1.0.4",
      "resolved": "https://registry.npmjs.org/terminal-text-effect/-/terminal-text-effect-1.0.4.tgz",
      "integrity": "sha512-daCJ9VM0xxgi4L1gWn04Hmugmhptff7l5tkro4fYFWRgtOGNfxr5g8WaQth4iKeCQIO/RAEZ95qUllAIiz6Fbw=="
    },
    "node_modules/typescript": {
      "version": "4.6.4",
      "resolved": "https://registry.npmjs.org/typescript/-/typescript-4.6.4.tgz",
      "integrity": "sha512-9ia/jWHIEbo49HfjrLGfKbZSuWo9iTMwXO+Ca3pRsSpbsMbc7/IU8NKdCZVRRBafVPGnoJeFL76ZOAA84I9fEg==",
      "dev": true,
      "bin": {
        "tsc": "bin/tsc",
        "tsserver": "bin/tsserver"
      },
      "engines": {
        "node": ">=4.2.0"
      }
    }
  },
  "dependencies": {
    "terminal-text-effect": {
      "version": "1.0.4",
      "resolved": "https://registry.npmjs.org/terminal-text-effect/-/terminal-text-effect-1.0.4.tgz",
      "integrity": "sha512-daCJ9VM0xxgi4L1gWn04Hmugmhptff7l5tkro4fYFWRgtOGNfxr5g8WaQth4iKeCQIO/RAEZ95qUllAIiz6Fbw=="
    },
    "typescript": {
      "version": "4.6.4",
      "resolved": "https://registry.npmjs.org/typescript/-/typescript-4.6.4.tgz",
      "integrity": "sha512-9ia/jWHIEbo49HfjrLGfKbZSuWo9iTMwXO+Ca3pRsSpbsMbc7/IU8NKdCZVRRBafVPGnoJeFL76ZOAA84I9fEg==",
      "dev": true
    }
  }
}
